// !$*UTF8*$!
{
	archiveVersion = 1;
	classes = {
	};
	objectVersion = 56;
	objects = {

/* Begin PBXBuildFile section */
		1A5191392A6F627A00BE8938 /* Frederik_Hansen_A3_INFO10229App.swift in Sources */ = {isa = PBXBuildFile; fileRef = 1A5191382A6F627A00BE8938 /* Frederik_Hansen_A3_INFO10229App.swift */; };
		1A51913B2A6F627A00BE8938 /* ContentView.swift in Sources */ = {isa = PBXBuildFile; fileRef = 1A51913A2A6F627A00BE8938 /* ContentView.swift */; };
		1A51913D2A6F627C00BE8938 /* Assets.xcassets in Resources */ = {isa = PBXBuildFile; fileRef = 1A51913C2A6F627C00BE8938 /* Assets.xcassets */; };
		1A5191402A6F627C00BE8938 /* Preview Assets.xcassets in Resources */ = {isa = PBXBuildFile; fileRef = 1A51913F2A6F627C00BE8938 /* Preview Assets.xcassets */; };
		1A51914A2A6F627C00BE8938 /* Frederik_Hansen_A3_INFO10229Tests.swift in Sources */ = {isa = PBXBuildFile; fileRef = 1A5191492A6F627C00BE8938 /* Frederik_Hansen_A3_INFO10229Tests.swift */; };
		1A5191542A6F627C00BE8938 /* Frederik_Hansen_A3_INFO10229UITests.swift in Sources */ = {isa = PBXBuildFile; fileRef = 1A5191532A6F627C00BE8938 /* Frederik_Hansen_A3_INFO10229UITests.swift */; };
		1A5191562A6F627C00BE8938 /* Frederik_Hansen_A3_INFO10229UITestsLaunchTests.swift in Sources */ = {isa = PBXBuildFile; fileRef = 1A5191552A6F627C00BE8938 /* Frederik_Hansen_A3_INFO10229UITestsLaunchTests.swift */; };
		1A56CC3B2A819DF90029FB8D /* Localizable.strings in Resources */ = {isa = PBXBuildFile; fileRef = 1A56CC3D2A819DF90029FB8D /* Localizable.strings */; };
/* End PBXBuildFile section */

/* Begin PBXContainerItemProxy section */
		1A5191462A6F627C00BE8938 /* PBXContainerItemProxy */ = {
			isa = PBXContainerItemProxy;
			containerPortal = 1A51912D2A6F627A00BE8938 /* Project object */;
			proxyType = 1;
			remoteGlobalIDString = 1A5191342A6F627A00BE8938;
			remoteInfo = Frederik_Hansen_A3_INFO10229;
		};
		1A5191502A6F627C00BE8938 /* PBXContainerItemProxy */ = {
			isa = PBXContainerItemProxy;
			containerPortal = 1A51912D2A6F627A00BE8938 /* Project object */;
			proxyType = 1;
			remoteGlobalIDString = 1A5191342A6F627A00BE8938;
			remoteInfo = Frederik_Hansen_A3_INFO10229;
		};
/* End PBXContainerItemProxy section */

/* Begin PBXFileReference section */
		1A5191352A6F627A00BE8938 /* Frederik_Hansen_A3_INFO10229.app */ = {isa = PBXFileReference; explicitFileType = wrapper.application; includeInIndex = 0; path = Frederik_Hansen_A3_INFO10229.app; sourceTree = BUILT_PRODUCTS_DIR; };
		1A5191382A6F627A00BE8938 /* Frederik_Hansen_A3_INFO10229App.swift */ = {isa = PBXFileReference; lastKnownFileType = sourcecode.swift; path = Frederik_Hansen_A3_INFO10229App.swift; sourceTree = "<group>"; };
		1A51913A2A6F627A00BE8938 /* ContentView.swift */ = {isa = PBXFileReference; lastKnownFileType = sourcecode.swift; path = ContentView.swift; sourceTree = "<group>"; };
		1A51913C2A6F627C00BE8938 /* Assets.xcassets */ = {isa = PBXFileReference; lastKnownFileType = folder.assetcatalog; path = Assets.xcassets; sourceTree = "<group>"; };
		1A51913F2A6F627C00BE8938 /* Preview Assets.xcassets */ = {isa = PBXFileReference; lastKnownFileType = folder.assetcatalog; path = "Preview Assets.xcassets"; sourceTree = "<group>"; };
		1A5191452A6F627C00BE8938 /* Frederik_Hansen_A3_INFO10229Tests.xctest */ = {isa = PBXFileReference; explicitFileType = wrapper.cfbundle; includeInIndex = 0; path = Frederik_Hansen_A3_INFO10229Tests.xctest; sourceTree = BUILT_PRODUCTS_DIR; };
		1A5191492A6F627C00BE8938 /* Frederik_Hansen_A3_INFO10229Tests.swift */ = {isa = PBXFileReference; lastKnownFileType = sourcecode.swift; path = Frederik_Hansen_A3_INFO10229Tests.swift; sourceTree = "<group>"; };
		1A51914F2A6F627C00BE8938 /* Frederik_Hansen_A3_INFO10229UITests.xctest */ = {isa = PBXFileReference; explicitFileType = wrapper.cfbundle; includeInIndex = 0; path = Frederik_Hansen_A3_INFO10229UITests.xctest; sourceTree = BUILT_PRODUCTS_DIR; };
		1A5191532A6F627C00BE8938 /* Frederik_Hansen_A3_INFO10229UITests.swift */ = {isa = PBXFileReference; lastKnownFileType = sourcecode.swift; path = Frederik_Hansen_A3_INFO10229UITests.swift; sourceTree = "<group>"; };
		1A5191552A6F627C00BE8938 /* Frederik_Hansen_A3_INFO10229UITestsLaunchTests.swift */ = {isa = PBXFileReference; lastKnownFileType = sourcecode.swift; path = Frederik_Hansen_A3_INFO10229UITestsLaunchTests.swift; sourceTree = "<group>"; };
		1A56CC3C2A819DF90029FB8D /* en */ = {isa = PBXFileReference; lastKnownFileType = text.plist.strings; name = en; path = en.lproj/Localizable.strings; sourceTree = "<group>"; };
		1A56CC3E2A819E4D0029FB8D /* fr-CA */ = {isa = PBXFileReference; lastKnownFileType = text.plist.strings; name = "fr-CA"; path = "fr-CA.lproj/Localizable.strings"; sourceTree = "<group>"; };
/* End PBXFileReference section */

/* Begin PBXFrameworksBuildPhase section */
		1A5191322A6F627A00BE8938 /* Frameworks */ = {
			isa = PBXFrameworksBuildPhase;
			buildActionMask = 2147483647;
			files = (
			);
			runOnlyForDeploymentPostprocessing = 0;
		};
		1A5191422A6F627C00BE8938 /* Frameworks */ = {
			isa = PBXFrameworksBuildPhase;
			buildActionMask = 2147483647;
			files = (
			);
			runOnlyForDeploymentPostprocessing = 0;
		};
		1A51914C2A6F627C00BE8938 /* Frameworks */ = {
			isa = PBXFrameworksBuildPhase;
			buildActionMask = 2147483647;
			files = (
			);
			runOnlyForDeploymentPostprocessing = 0;
		};
/* End PBXFrameworksBuildPhase section */

/* Begin PBXGroup section */
		1A51912C2A6F627A00BE8938 = {
			isa = PBXGroup;
			children = (
				1A56CC3D2A819DF90029FB8D /* Localizable.strings */,
				1A5191372A6F627A00BE8938 /* Frederik_Hansen_A3_INFO10229 */,
				1A5191482A6F627C00BE8938 /* Frederik_Hansen_A3_INFO10229Tests */,
				1A5191522A6F627C00BE8938 /* Frederik_Hansen_A3_INFO10229UITests */,
				1A5191362A6F627A00BE8938 /* Products */,
			);
			sourceTree = "<group>";
		};
		1A5191362A6F627A00BE8938 /* Products */ = {
			isa = PBXGroup;
			children = (
				1A5191352A6F627A00BE8938 /* Frederik_Hansen_A3_INFO10229.app */,
				1A5191452A6F627C00BE8938 /* Frederik_Hansen_A3_INFO10229Tests.xctest */,
				1A51914F2A6F627C00BE8938 /* Frederik_Hansen_A3_INFO10229UITests.xctest */,
			);
			name = Products;
			sourceTree = "<group>";
		};
		1A5191372A6F627A00BE8938 /* Frederik_Hansen_A3_INFO10229 */ = {
			isa = PBXGroup;
			children = (
				1A5191382A6F627A00BE8938 /* Frederik_Hansen_A3_INFO10229App.swift */,
				1A51913A2A6F627A00BE8938 /* ContentView.swift */,
				1A51913C2A6F627C00BE8938 /* Assets.xcassets */,
				1A51913E2A6F627C00BE8938 /* Preview Content */,
			);
			path = Frederik_Hansen_A3_INFO10229;
			sourceTree = "<group>";
		};
		1A51913E2A6F627C00BE8938 /* Preview Content */ = {
			isa = PBXGroup;
			children = (
				1A51913F2A6F627C00BE8938 /* Preview Assets.xcassets */,
			);
			path = "Preview Content";
			sourceTree = "<group>";
		};
		1A5191482A6F627C00BE8938 /* Frederik_Hansen_A3_INFO10229Tests */ = {
			isa = PBXGroup;
			children = (
				1A5191492A6F627C00BE8938 /* Frederik_Hansen_A3_INFO10229Tests.swift */,
			);
			path = Frederik_Hansen_A3_INFO10229Tests;
			sourceTree = "<group>";
		};
		1A5191522A6F627C00BE8938 /* Frederik_Hansen_A3_INFO10229UITests */ = {
			isa = PBXGroup;
			children = (
				1A5191532A6F627C00BE8938 /* Frederik_Hansen_A3_INFO10229UITests.swift */,
				1A5191552A6F627C00BE8938 /* Frederik_Hansen_A3_INFO10229UITestsLaunchTests.swift */,
			);
			path = Frederik_Hansen_A3_INFO10229UITests;
			sourceTree = "<group>";
		};
/* End PBXGroup section */

/* Begin PBXNativeTarget section */
		1A5191342A6F627A00BE8938 /* Frederik_Hansen_A3_INFO10229 */ = {
			isa = PBXNativeTarget;
			buildConfigurationList = 1A5191592A6F627C00BE8938 /* Build configuration list for PBXNativeTarget "Frederik_Hansen_A3_INFO10229" */;
			buildPhases = (
				1A5191312A6F627A00BE8938 /* Sources */,
				1A5191322A6F627A00BE8938 /* Frameworks */,
				1A5191332A6F627A00BE8938 /* Resources */,
			);
			buildRules = (
			);
			dependencies = (
			);
			name = Frederik_Hansen_A3_INFO10229;
			productName = Frederik_Hansen_A3_INFO10229;
			productReference = 1A5191352A6F627A00BE8938 /* Frederik_Hansen_A3_INFO10229.app */;
			productType = "com.apple.product-type.application";
		};
		1A5191442A6F627C00BE8938 /* Frederik_Hansen_A3_INFO10229Tests */ = {
			isa = PBXNativeTarget;
			buildConfigurationList = 1A51915C2A6F627C00BE8938 /* Build configuration list for PBXNativeTarget "Frederik_Hansen_A3_INFO10229Tests" */;
			buildPhases = (
				1A5191412A6F627C00BE8938 /* Sources */,
				1A5191422A6F627C00BE8938 /* Frameworks */,
				1A5191432A6F627C00BE8938 /* Resources */,
			);
			buildRules = (
			);
			dependencies = (
				1A5191472A6F627C00BE8938 /* PBXTargetDependency */,
			);
			name = Frederik_Hansen_A3_INFO10229Tests;
			productName = Frederik_Hansen_A3_INFO10229Tests;
			productReference = 1A5191452A6F627C00BE8938 /* Frederik_Hansen_A3_INFO10229Tests.xctest */;
			productType = "com.apple.product-type.bundle.unit-test";
		};
		1A51914E2A6F627C00BE8938 /* Frederik_Hansen_A3_INFO10229UITests */ = {
			isa = PBXNativeTarget;
			buildConfigurationList = 1A51915F2A6F627C00BE8938 /* Build configuration list for PBXNativeTarget "Frederik_Hansen_A3_INFO10229UITests" */;
			buildPhases = (
				1A51914B2A6F627C00BE8938 /* Sources */,
				1A51914C2A6F627C00BE8938 /* Frameworks */,
				1A51914D2A6F627C00BE8938 /* Resources */,
			);
			buildRules = (
			);
			dependencies = (
				1A5191512A6F627C00BE8938 /* PBXTargetDependency */,
			);
			name = Frederik_Hansen_A3_INFO10229UITests;
			productName = Frederik_Hansen_A3_INFO10229UITests;
			productReference = 1A51914F2A6F627C00BE8938 /* Frederik_Hansen_A3_INFO10229UITests.xctest */;
			productType = "com.apple.product-type.bundle.ui-testing";
		};
/* End PBXNativeTarget section */

/* Begin PBXProject section */
		1A51912D2A6F627A00BE8938 /* Project object */ = {
			isa = PBXProject;
			attributes = {
				BuildIndependentTargetsInParallel = 1;
				LastSwiftUpdateCheck = 1430;
				LastUpgradeCheck = 1430;
				TargetAttributes = {
					1A5191342A6F627A00BE8938 = {
						CreatedOnToolsVersion = 14.3.1;
					};
					1A5191442A6F627C00BE8938 = {
						CreatedOnToolsVersion = 14.3.1;
						TestTargetID = 1A5191342A6F627A00BE8938;
					};
					1A51914E2A6F627C00BE8938 = {
						CreatedOnToolsVersion = 14.3.1;
						TestTargetID = 1A5191342A6F627A00BE8938;
					};
				};
			};
			buildConfigurationList = 1A5191302A6F627A00BE8938 /* Build configuration list for PBXProject "Frederik_Hansen_A3_INFO10229" */;
			compatibilityVersion = "Xcode 14.0";
			developmentRegion = en;
			hasScannedForEncodings = 0;
			knownRegions = (
				en,
				Base,
				"fr-CA",
			);
			mainGroup = 1A51912C2A6F627A00BE8938;
			productRefGroup = 1A5191362A6F627A00BE8938 /* Products */;
			projectDirPath = "";
			projectRoot = "";
			targets = (
				1A5191342A6F627A00BE8938 /* Frederik_Hansen_A3_INFO10229 */,
				1A5191442A6F627C00BE8938 /* Frederik_Hansen_A3_INFO10229Tests */,
				1A51914E2A6F627C00BE8938 /* Frederik_Hansen_A3_INFO10229UITests */,
			);
		};
/* End PBXProject section */

/* Begin PBXResourcesBuildPhase section */
		1A5191332A6F627A00BE8938 /* Resources */ = {
			isa = PBXResourcesBuildPhase;
			buildActionMask = 2147483647;
			files = (
				1A5191402A6F627C00BE8938 /* Preview Assets.xcassets in Resources */,
				1A56CC3B2A819DF90029FB8D /* Localizable.strings in Resources */,
				1A51913D2A6F627C00BE8938 /* Assets.xcassets in Resources */,
			);
			runOnlyForDeploymentPostprocessing = 0;
		};
		1A5191432A6F627C00BE8938 /* Resources */ = {
			isa = PBXResourcesBuildPhase;
			buildActionMask = 2147483647;
			files = (
			);
			runOnlyForDeploymentPostprocessing = 0;
		};
		1A51914D2A6F627C00BE8938 /* Resources */ = {
			isa = PBXResourcesBuildPhase;
			buildActionMask = 2147483647;
			files = (
			);
			runOnlyForDeploymentPostprocessing = 0;
		};
/* End PBXResourcesBuildPhase section */

/* Begin PBXSourcesBuildPhase section */
		1A5191312A6F627A00BE8938 /* Sources */ = {
			isa = PBXSourcesBuildPhase;
			buildActionMask = 2147483647;
			files = (
				1A51913B2A6F627A00BE8938 /* ContentView.swift in Sources */,
				1A5191392A6F627A00BE8938 /* Frederik_Hansen_A3_INFO10229App.swift in Sources */,
			);
			runOnlyForDeploymentPostprocessing = 0;
		};
		1A5191412A6F627C00BE8938 /* Sources */ = {
			isa = PBXSourcesBuildPhase;
			buildActionMask = 2147483647;
			files = (
				1A51914A2A6F627C00BE8938 /* Frederik_Hansen_A3_INFO10229Tests.swift in Sources */,
			);
			runOnlyForDeploymentPostprocessing = 0;
		};
		1A51914B2A6F627C00BE8938 /* Sources */ = {
			isa = PBXSourcesBuildPhase;
			buildActionMask = 2147483647;
			files = (
				1A5191562A6F627C00BE8938 /* Frederik_Hansen_A3_INFO10229UITestsLaunchTests.swift in Sources */,
				1A5191542A6F627C00BE8938 /* Frederik_Hansen_A3_INFO10229UITests.swift in Sources */,
			);
			runOnlyForDeploymentPostprocessing = 0;
		};
/* End PBXSourcesBuildPhase section */

/* Begin PBXTargetDependency section */
		1A5191472A6F627C00BE8938 /* PBXTargetDependency */ = {
			isa = PBXTargetDependency;
			target = 1A5191342A6F627A00BE8938 /* Frederik_Hansen_A3_INFO10229 */;
			targetProxy = 1A5191462A6F627C00BE8938 /* PBXContainerItemProxy */;
		};
		1A5191512A6F627C00BE8938 /* PBXTargetDependency */ = {
			isa = PBXTargetDependency;
			target = 1A5191342A6F627A00BE8938 /* Frederik_Hansen_A3_INFO10229 */;
			targetProxy = 1A5191502A6F627C00BE8938 /* PBXContainerItemProxy */;
		};
/* End PBXTargetDependency section */

/* Begin PBXVariantGroup section */
		1A56CC3D2A819DF90029FB8D /* Localizable.strings */ = {
			isa = PBXVariantGroup;
			children = (
				1A56CC3C2A819DF90029FB8D /* en */,
				1A56CC3E2A819E4D0029FB8D /* fr-CA */,
			);
			name = Localizable.strings;
			sourceTree = "<group>";
		};
/* End PBXVariantGroup section */

/* Begin XCBuildConfiguration section */
		1A5191572A6F627C00BE8938 /* Debug */ = {
			isa = XCBuildConfiguration;
			buildSettings = {
				ALWAYS_SEARCH_USER_PATHS = NO;
				CLANG_ANALYZER_LOCALIZABILITY_NONLOCALIZED = YES;
				CLANG_ANALYZER_NONNULL = YES;
				CLANG_ANALYZER_NUMBER_OBJECT_CONVERSION = YES_AGGRESSIVE;
				CLANG_CXX_LANGUAGE_STANDARD = "gnu++20";
				CLANG_ENABLE_MODULES = YES;
				CLANG_ENABLE_OBJC_ARC = YES;
				CLANG_ENABLE_OBJC_WEAK = YES;
				CLANG_WARN_BLOCK_CAPTURE_AUTORELEASING = YES;
				CLANG_WARN_BOOL_CONVERSION = YES;
				CLANG_WARN_COMMA = YES;
				CLANG_WARN_CONSTANT_CONVERSION = YES;
				CLANG_WARN_DEPRECATED_OBJC_IMPLEMENTATIONS = YES;
				CLANG_WARN_DIRECT_OBJC_ISA_USAGE = YES_ERROR;
				CLANG_WARN_DOCUMENTATION_COMMENTS = YES;
				CLANG_WARN_EMPTY_BODY = YES;
				CLANG_WARN_ENUM_CONVERSION = YES;
				CLANG_WARN_INFINITE_RECURSION = YES;
				CLANG_WARN_INT_CONVERSION = YES;
				CLANG_WARN_NON_LITERAL_NULL_CONVERSION = YES;
				CLANG_WARN_OBJC_IMPLICIT_RETAIN_SELF = YES;
				CLANG_WARN_OBJC_LITERAL_CONVERSION = YES;
				CLANG_WARN_OBJC_ROOT_CLASS = YES_ERROR;
				CLANG_WARN_QUOTED_INCLUDE_IN_FRAMEWORK_HEADER = YES;
				CLANG_WARN_RANGE_LOOP_ANALYSIS = YES;
				CLANG_WARN_STRICT_PROTOTYPES = YES;
				CLANG_WARN_SUSPICIOUS_MOVE = YES;
				CLANG_WARN_UNGUARDED_AVAILABILITY = YES_AGGRESSIVE;
				CLANG_WARN_UNREACHABLE_CODE = YES;
				CLANG_WARN__DUPLICATE_METHOD_MATCH = YES;
				COPY_PHASE_STRIP = NO;
				DEBUG_INFORMATION_FORMAT = dwarf;
				ENABLE_STRICT_OBJC_MSGSEND = YES;
				ENABLE_TESTABILITY = YES;
				GCC_C_LANGUAGE_STANDARD = gnu11;
				GCC_DYNAMIC_NO_PIC = NO;
				GCC_NO_COMMON_BLOCKS = YES;
				GCC_OPTIMIZATION_LEVEL = 0;
				GCC_PREPROCESSOR_DEFINITIONS = (
					"DEBUG=1",
					"$(inherited)",
				);
				GCC_WARN_64_TO_32_BIT_CONVERSION = YES;
				GCC_WARN_ABOUT_RETURN_TYPE = YES_ERROR;
				GCC_WARN_UNDECLARED_SELECTOR = YES;
				GCC_WARN_UNINITIALIZED_AUTOS = YES_AGGRESSIVE;
				GCC_WARN_UNUSED_FUNCTION = YES;
				GCC_WARN_UNUSED_VARIABLE = YES;
				IPHONEOS_DEPLOYMENT_TARGET = 16.4;
				MTL_ENABLE_DEBUG_INFO = INCLUDE_SOURCE;
				MTL_FAST_MATH = YES;
				ONLY_ACTIVE_ARCH = YES;
				SDKROOT = iphoneos;
				SWIFT_ACTIVE_COMPILATION_CONDITIONS = DEBUG;
				SWIFT_OPTIMIZATION_LEVEL = "-Onone";
			};
			name = Debug;
		};
		1A5191582A6F627C00BE8938 /* Release */ = {
			isa = XCBuildConfiguration;
			buildSettings = {
				ALWAYS_SEARCH_USER_PATHS = NO;
				CLANG_ANALYZER_LOCALIZABILITY_NONLOCALIZED = YES;
				CLANG_ANALYZER_NONNULL = YES;
				CLANG_ANALYZER_NUMBER_OBJECT_CONVERSION = YES_AGGRESSIVE;
				CLANG_CXX_LANGUAGE_STANDARD = "gnu++20";
				CLANG_ENABLE_MODULES = YES;
				CLANG_ENABLE_OBJC_ARC = YES;
				CLANG_ENABLE_OBJC_WEAK = YES;
				CLANG_WARN_BLOCK_CAPTURE_AUTORELEASING = YES;
				CLANG_WARN_BOOL_CONVERSION = YES;
				CLANG_WARN_COMMA = YES;
				CLANG_WARN_CONSTANT_CONVERSION = YES;
				CLANG_WARN_DEPRECATED_OBJC_IMPLEMENTATIONS = YES;
				CLANG_WARN_DIRECT_OBJC_ISA_USAGE = YES_ERROR;
				CLANG_WARN_DOCUMENTATION_COMMENTS = YES;
				CLANG_WARN_EMPTY_BODY = YES;
				CLANG_WARN_ENUM_CONVERSION = YES;
				CLANG_WARN_INFINITE_RECURSION = YES;
				CLANG_WARN_INT_CONVERSION = YES;
				CLANG_WARN_NON_LITERAL_NULL_CONVERSION = YES;
				CLANG_WARN_OBJC_IMPLICIT_RETAIN_SELF = YES;
				CLANG_WARN_OBJC_LITERAL_CONVERSION = YES;
				CLANG_WARN_OBJC_ROOT_CLASS = YES_ERROR;
				CLANG_WARN_QUOTED_INCLUDE_IN_FRAMEWORK_HEADER = YES;
				CLANG_WARN_RANGE_LOOP_ANALYSIS = YES;
				CLANG_WARN_STRICT_PROTOTYPES = YES;
				CLANG_WARN_SUSPICIOUS_MOVE = YES;
				CLANG_WARN_UNGUARDED_AVAILABILITY = YES_AGGRESSIVE;
				CLANG_WARN_UNREACHABLE_CODE = YES;
				CLANG_WARN__DUPLICATE_METHOD_MATCH = YES;
				COPY_PHASE_STRIP = NO;
				DEBUG_INFORMATION_FORMAT = "dwarf-with-dsym";
				ENABLE_NS_ASSERTIONS = NO;
				ENABLE_STRICT_OBJC_MSGSEND = YES;
				GCC_C_LANGUAGE_STANDARD = gnu11;
				GCC_NO_COMMON_BLOCKS = YES;
				GCC_WARN_64_TO_32_BIT_CONVERSION = YES;
				GCC_WARN_ABOUT_RETURN_TYPE = YES_ERROR;
				GCC_WARN_UNDECLARED_SELECTOR = YES;
				GCC_WARN_UNINITIALIZED_AUTOS = YES_AGGRESSIVE;
				GCC_WARN_UNUSED_FUNCTION = YES;
				GCC_WARN_UNUSED_VARIABLE = YES;
				IPHONEOS_DEPLOYMENT_TARGET = 16.4;
				MTL_ENABLE_DEBUG_INFO = NO;
				MTL_FAST_MATH = YES;
				SDKROOT = iphoneos;
				SWIFT_COMPILATION_MODE = wholemodule;
				SWIFT_OPTIMIZATION_LEVEL = "-O";
				VALIDATE_PRODUCT = YES;
			};
			name = Release;
		};
		1A51915A2A6F627C00BE8938 /* Debug */ = {
			isa = XCBuildConfiguration;
			buildSettings = {
				ASSETCATALOG_COMPILER_APPICON_NAME = AppIcon;
				ASSETCATALOG_COMPILER_GLOBAL_ACCENT_COLOR_NAME = AccentColor;
				CODE_SIGN_STYLE = Automatic;
				CURRENT_PROJECT_VERSION = 1;
				DEVELOPMENT_ASSET_PATHS = "\"Frederik_Hansen_A3_INFO10229/Preview Content\"";
				DEVELOPMENT_TEAM = U2ZZR463D5;
				ENABLE_PREVIEWS = YES;
				GENERATE_INFOPLIST_FILE = YES;
				INFOPLIST_KEY_UIApplicationSceneManifest_Generation = YES;
				INFOPLIST_KEY_UIApplicationSupportsIndirectInputEvents = YES;
				INFOPLIST_KEY_UILaunchScreen_Generation = YES;
				INFOPLIST_KEY_UISupportedInterfaceOrientations_iPad = "UIInterfaceOrientationPortrait UIInterfaceOrientationPortraitUpsideDown UIInterfaceOrientationLandscapeLeft UIInterfaceOrientationLandscapeRight";
				INFOPLIST_KEY_UISupportedInterfaceOrientations_iPhone = "UIInterfaceOrientationPortrait UIInterfaceOrientationLandscapeLeft UIInterfaceOrientationLandscapeRight";
				LD_RUNPATH_SEARCH_PATHS = (
					"$(inherited)",
					"@executable_path/Frameworks",
				);
				MARKETING_VERSION = 1.0;
				PRODUCT_BUNDLE_IDENTIFIER = "com.fdh.Frederik-Hansen-A3-INFO10229";
				PRODUCT_NAME = "$(TARGET_NAME)";
				SWIFT_EMIT_LOC_STRINGS = YES;
				SWIFT_VERSION = 5.0;
				TARGETED_DEVICE_FAMILY = "1,2";
			};
			name = Debug;
		};
		1A51915B2A6F627C00BE8938 /* Release */ = {
			isa = XCBuildConfiguration;
			buildSettings = {
				ASSETCATALOG_COMPILER_APPICON_NAME = AppIcon;
				ASSETCATALOG_COMPILER_GLOBAL_ACCENT_COLOR_NAME = AccentColor;
				CODE_SIGN_STYLE = Automatic;
				CURRENT_PROJECT_VERSION = 1;
				DEVELOPMENT_ASSET_PATHS = "\"Frederik_Hansen_A3_INFO10229/Preview Content\"";
				DEVELOPMENT_TEAM = U2ZZR463D5;
				ENABLE_PREVIEWS = YES;
				GENERATE_INFOPLIST_FILE = YES;
				INFOPLIST_KEY_UIApplicationSceneManifest_Generation = YES;
				INFOPLIST_KEY_UIApplicationSupportsIndirectInputEvents = YES;
				INFOPLIST_KEY_UILaunchScreen_Generation = YES;
				INFOPLIST_KEY_UISupportedInterfaceOrientations_iPad = "UIInterfaceOrientationPortrait UIInterfaceOrientationPortraitUpsideDown UIInterfaceOrientationLandscapeLeft UIInterfaceOrientationLandscapeRight";
				INFOPLIST_KEY_UISupportedInterfaceOrientations_iPhone = "UIInterfaceOrientationPortrait UIInterfaceOrientationLandscapeLeft UIInterfaceOrientationLandscapeRight";
				LD_RUNPATH_SEARCH_PATHS = (
					"$(inherited)",
					"@executable_path/Frameworks",
				);
				MARKETING_VERSION = 1.0;
				PRODUCT_BUNDLE_IDENTIFIER = "com.fdh.Frederik-Hansen-A3-INFO10229";
				PRODUCT_NAME = "$(TARGET_NAME)";
				SWIFT_EMIT_LOC_STRINGS = YES;
				SWIFT_VERSION = 5.0;
				TARGETED_DEVICE_FAMILY = "1,2";
			};
			name = Release;
		};
		1A51915D2A6F627C00BE8938 /* Debug */ = {
			isa = XCBuildConfiguration;
			buildSettings = {
				ALWAYS_EMBED_SWIFT_STANDARD_LIBRARIES = YES;
				BUNDLE_LOADER = "$(TEST_HOST)";
				CODE_SIGN_STYLE = Automatic;
				CURRENT_PROJECT_VERSION = 1;
				DEVELOPMENT_TEAM = U2ZZR463D5;
				GENERATE_INFOPLIST_FILE = YES;
				IPHONEOS_DEPLOYMENT_TARGET = 16.4;
				MARKETING_VERSION = 1.0;
				PRODUCT_BUNDLE_IDENTIFIER = "com.fdh.Frederik-Hansen-A3-INFO10229Tests";
				PRODUCT_NAME = "$(TARGET_NAME)";
				SWIFT_EMIT_LOC_STRINGS = NO;
				SWIFT_VERSION = 5.0;
				TARGETED_DEVICE_FAMILY = "1,2";
				TEST_HOST = "$(BUILT_PRODUCTS_DIR)/Frederik_Hansen_A3_INFO10229.app/$(BUNDLE_EXECUTABLE_FOLDER_PATH)/Frederik_Hansen_A3_INFO10229";
			};
			name = Debug;
		};
		1A51915E2A6F627C00BE8938 /* Release */ = {
			isa = XCBuildConfiguration;
			buildSettings = {
				ALWAYS_EMBED_SWIFT_STANDARD_LIBRARIES = YES;
				BUNDLE_LOADER = "$(TEST_HOST)";
				CODE_SIGN_STYLE = Automatic;
				CURRENT_PROJECT_VERSION = 1;
				DEVELOPMENT_TEAM = U2ZZR463D5;
				GENERATE_INFOPLIST_FILE = YES;
				IPHONEOS_DEPLOYMENT_TARGET = 16.4;
				MARKETING_VERSION = 1.0;
				PRODUCT_BUNDLE_IDENTIFIER = "com.fdh.Frederik-Hansen-A3-INFO10229Tests";
				PRODUCT_NAME = "$(TARGET_NAME)";
				SWIFT_EMIT_LOC_STRINGS = NO;
				SWIFT_VERSION = 5.0;
				TARGETED_DEVICE_FAMILY = "1,2";
				TEST_HOST = "$(BUILT_PRODUCTS_DIR)/Frederik_Hansen_A3_INFO10229.app/$(BUNDLE_EXECUTABLE_FOLDER_PATH)/Frederik_Hansen_A3_INFO10229";
			};
			name = Release;
		};
		1A5191602A6F627C00BE8938 /* Debug */ = {
			isa = XCBuildConfiguration;
			buildSettings = {
				ALWAYS_EMBED_SWIFT_STANDARD_LIBRARIES = YES;
				CODE_SIGN_STYLE = Automatic;
				CURRENT_PROJECT_VERSION = 1;
				DEVELOPMENT_TEAM = U2ZZR463D5;
				GENERATE_INFOPLIST_FILE = YES;
				MARKETING_VERSION = 1.0;
				PRODUCT_BUNDLE_IDENTIFIER = "com.fdh.Frederik-Hansen-A3-INFO10229UITests";
				PRODUCT_NAME = "$(TARGET_NAME)";
				SWIFT_EMIT_LOC_STRINGS = NO;
				SWIFT_VERSION = 5.0;
				TARGETED_DEVICE_FAMILY = "1,2";
				TEST_TARGET_NAME = Frederik_Hansen_A3_INFO10229;
			};
			name = Debug;
		};
		1A5191612A6F627C00BE8938 /* Release */ = {
			isa = XCBuildConfiguration;
			buildSettings = {
				ALWAYS_EMBED_SWIFT_STANDARD_LIBRARIES = YES;
				CODE_SIGN_STYLE = Automatic;
				CURRENT_PROJECT_VERSION = 1;
				DEVELOPMENT_TEAM = U2ZZR463D5;
				GENERATE_INFOPLIST_FILE = YES;
				MARKETING_VERSION = 1.0;
				PRODUCT_BUNDLE_IDENTIFIER = "com.fdh.Frederik-Hansen-A3-INFO10229UITests";
				PRODUCT_NAME = "$(TARGET_NAME)";
				SWIFT_EMIT_LOC_STRINGS = NO;
				SWIFT_VERSION = 5.0;
				TARGETED_DEVICE_FAMILY = "1,2";
				TEST_TARGET_NAME = Frederik_Hansen_A3_INFO10229;
			};
			name = Release;
		};
/* End XCBuildConfiguration section */

/* Begin XCConfigurationList section */
		1A5191302A6F627A00BE8938 /* Build configuration list for PBXProject "Frederik_Hansen_A3_INFO10229" */ = {
			isa = XCConfigurationList;
			buildConfigurations = (
				1A5191572A6F627C00BE8938 /* Debug */,
				1A5191582A6F627C00BE8938 /* Release */,
			);
			defaultConfigurationIsVisible = 0;
			defaultConfigurationName = Release;
		};
		1A5191592A6F627C00BE8938 /* Build configuration list for PBXNativeTarget "Frederik_Hansen_A3_INFO10229" */ = {
			isa = XCConfigurationList;
			buildConfigurations = (
				1A51915A2A6F627C00BE8938 /* Debug */,
				1A51915B2A6F627C00BE8938 /* Release */,
			);
			defaultConfigurationIsVisible = 0;
			defaultConfigurationName = Release;
		};
		1A51915C2A6F627C00BE8938 /* Build configuration list for PBXNativeTarget "Frederik_Hansen_A3_INFO10229Tests" */ = {
			isa = XCConfigurationList;
			buildConfigurations = (
				1A51915D2A6F627C00BE8938 /* Debug */,
				1A51915E2A6F627C00BE8938 /* Release */,
			);
			defaultConfigurationIsVisible = 0;
			defaultConfigurationName = Release;
		};
		1A51915F2A6F627C00BE8938 /* Build configuration list for PBXNativeTarget "Frederik_Hansen_A3_INFO10229UITests" */ = {
			isa = XCConfigurationList;
			buildConfigurations = (
				1A5191602A6F627C00BE8938 /* Debug */,
				1A5191612A6F627C00BE8938 /* Release */,
			);
			defaultConfigurationIsVisible = 0;
			defaultConfigurationName = Release;
		};
/* End XCConfigurationList section */
	};
	rootObject = 1A51912D2A6F627A00BE8938 /* Project object */;
}
